
Microsoft Visual Studio Solution File, Format Version 12.00
# Visual Studio Version 16
VisualStudioVersion = 16.0.32602.291
MinimumVisualStudioVersion = 10.0.40219.1
Project("{FAE04EC0-301F-11D3-BF4B-00C04F79EFBC}") = "PhoenixsCantrips", "PhoenixsCantrips\PhoenixsCantrips.csproj", "{19F878BC-C46F-4F30-9471-555FEC5B4C07}"
EndProject
Global
	GlobalSection(SolutionConfigurationPlatforms) = preSolution
		Debug|Any CPU = Debug|Any CPU
		Release|Any CPU = Release|Any CPU
		ReleaseForRealz|Any CPU = ReleaseForRealz|Any CPU
	EndGlobalSection
	GlobalSection(ProjectConfigurationPlatforms) = postSolution
		{19F878BC-C46F-4F30-9471-555FEC5B4C07}.Debug|Any CPU.ActiveCfg = Debug|Any CPU
		{19F878BC-C46F-4F30-9471-555FEC5B4C07}.Debug|Any CPU.Build.0 = Debug|Any CPU
		{19F878BC-C46F-4F30-9471-555FEC5B4C07}.Release|Any CPU.ActiveCfg = Release|Any CPU
		{19F878BC-C46F-4F30-9471-555FEC5B4C07}.Release|Any CPU.Build.0 = Release|Any CPU
		{19F878BC-C46F-4F30-9471-555FEC5B4C07}.ReleaseForRealz|Any CPU.ActiveCfg = ReleaseForRealz|Any CPU
		{19F878BC-C46F-4F30-9471-555FEC5B4C07}.ReleaseForRealz|Any CPU.Build.0 = ReleaseForRealz|Any CPU
	EndGlobalSection
	GlobalSection(SolutionProperties) = preSolution
		HideSolutionNode = FALSE
	EndGlobalSection
	GlobalSection(ExtensibilityGlobals) = postSolution
		SolutionGuid = {9232CD56-DC22-4756-B195-51573F3BE032}
	EndGlobalSection
EndGlobal
